# This file is autogenerated, do not edit; changes may be undone by the next 'dep ensure'.


[[projects]]
  name = "github.com/pkg/errors"
  packages = ["."]
  revision = "645ef00459ed84a119197bfb8d8205042c6df63d"
  version = "v0.8.0"

[[projects]]
  branch = "master"
  name = "github.com/shopspring/decimal"
  packages = ["."]
  revision = "9ca7f51822d222ae4e246f070f9aad863599bd1a"

[solve-meta]
  analyzer-name = "dep"
  analyzer-version = 1
  inputs-digest = "33bdd9abd0e19c5476e1de1df7d5b125441505b4712bca65c87d0bd64025079f"
  solver-name = "gps-cdcl"
  solver-version = 1
